
Microsoft Visual Studio Solution File, Format Version 12.00
# Visual Studio Version 16
VisualStudioVersion = 16.0.31424.327
MinimumVisualStudioVersion = 10.0.40219.1
Project("{FAE04EC0-301F-11D3-BF4B-00C04F79EFBC}") = "company", "company\company.csproj", "{8D9DADA9-A7C4-46D3-9688-6D3CF249E45A}"
EndProject
Global
	GlobalSection(SolutionConfigurationPlatforms) = preSolution
		Debug|Any CPU = Debug|Any CPU
		Release|Any CPU = Release|Any CPU
	EndGlobalSection
	GlobalSection(ProjectConfigurationPlatforms) = postSolution
		{8D9DADA9-A7C4-46D3-9688-6D3CF249E45A}.Debug|Any CPU.ActiveCfg = Debug|Any CPU
		{8D9DADA9-A7C4-46D3-9688-6D3CF249E45A}.Debug|Any CPU.Build.0 = Debug|Any CPU
		{8D9DADA9-A7C4-46D3-9688-6D3CF249E45A}.Release|Any CPU.ActiveCfg = Release|Any CPU
		{8D9DADA9-A7C4-46D3-9688-6D3CF249E45A}.Release|Any CPU.Build.0 = Release|Any CPU
	EndGlobalSection
	GlobalSection(SolutionProperties) = preSolution
		HideSolutionNode = FALSE
	EndGlobalSection
	GlobalSection(ExtensibilityGlobals) = postSolution
		SolutionGuid = {09E61A5B-1D1D-4047-B13C-DEC7352946D6}
	EndGlobalSection
EndGlobal
